
Microsoft Visual Studio Solution File, Format Version 12.00
# Visual Studio Version 17
VisualStudioVersion = 17.11.35222.181
MinimumVisualStudioVersion = 10.0.40219.1
Project("{FAE04EC0-301F-11D3-BF4B-00C04F79EFBC}") = "Application", "Application\Application.csproj", "{5C3DD8B8-1D94-4600-BDA6-95C99B5A7C63}"
EndProject
Global
	GlobalSection(SolutionConfigurationPlatforms) = preSolution
		Debug|Any CPU = Debug|Any CPU
		Release|Any CPU = Release|Any CPU
	EndGlobalSection
	GlobalSection(ProjectConfigurationPlatforms) = postSolution
		{5C3DD8B8-1D94-4600-BDA6-95C99B5A7C63}.Debug|Any CPU.ActiveCfg = Debug|Any CPU
		{5C3DD8B8-1D94-4600-BDA6-95C99B5A7C63}.Debug|Any CPU.Build.0 = Debug|Any CPU
		{5C3DD8B8-1D94-4600-BDA6-95C99B5A7C63}.Release|Any CPU.ActiveCfg = Release|Any CPU
		{5C3DD8B8-1D94-4600-BDA6-95C99B5A7C63}.Release|Any CPU.Build.0 = Release|Any CPU
	EndGlobalSection
	GlobalSection(SolutionProperties) = preSolution
		HideSolutionNode = FALSE
	EndGlobalSection
	GlobalSection(ExtensibilityGlobals) = postSolution
		SolutionGuid = {23FC8B39-65DF-48D5-A4D3-997ED34A5383}
	EndGlobalSection
EndGlobal
